
Microsoft Visual Studio Solution File, Format Version 12.00
# Visual Studio Version 17
VisualStudioVersion = 17.1.32319.34
MinimumVisualStudioVersion = 10.0.40219.1
Project("{9A19103F-16F7-4668-BE54-9A1E7A4F7556}") = "Entities", "Entities\Entities.csproj", "{995A1EC2-C03D-413D-841D-8FB8B7FC14CE}"
EndProject
Project("{9A19103F-16F7-4668-BE54-9A1E7A4F7556}") = "DataAccess", "DataAccess\DataAccess.csproj", "{40676145-CA49-405F-8DB3-B9A6CE902CA2}"
EndProject
Project("{9A19103F-16F7-4668-BE54-9A1E7A4F7556}") = "Business", "Business\Business.csproj", "{3BFC8ABE-40C7-4B5F-8542-2ECECC5B6E2F}"
EndProject
Project("{9A19103F-16F7-4668-BE54-9A1E7A4F7556}") = "ConsoleUI", "ConsoleUI\ConsoleUI.csproj", "{38AABE5E-BB26-44DA-A7FB-36C3C1D7E86A}"
EndProject
Project("{9A19103F-16F7-4668-BE54-9A1E7A4F7556}") = "Core", "Core\Core.csproj", "{B126AEF1-A2FB-4E78-80C4-953F1BA21FA2}"
EndProject
Project("{FAE04EC0-301F-11D3-BF4B-00C04F79EFBC}") = "WebAPI", "WebAPI\WebAPI.csproj", "{95C2F999-6A90-4AA5-A9B9-FAB2A6B2D2C3}"
EndProject
Global
	GlobalSection(SolutionConfigurationPlatforms) = preSolution
		Debug|Any CPU = Debug|Any CPU
		Release|Any CPU = Release|Any CPU
	EndGlobalSection
	GlobalSection(ProjectConfigurationPlatforms) = postSolution
		{995A1EC2-C03D-413D-841D-8FB8B7FC14CE}.Debug|Any CPU.ActiveCfg = Debug|Any CPU
		{995A1EC2-C03D-413D-841D-8FB8B7FC14CE}.Debug|Any CPU.Build.0 = Debug|Any CPU
		{995A1EC2-C03D-413D-841D-8FB8B7FC14CE}.Release|Any CPU.ActiveCfg = Release|Any CPU
		{995A1EC2-C03D-413D-841D-8FB8B7FC14CE}.Release|Any CPU.Build.0 = Release|Any CPU
		{40676145-CA49-405F-8DB3-B9A6CE902CA2}.Debug|Any CPU.ActiveCfg = Debug|Any CPU
		{40676145-CA49-405F-8DB3-B9A6CE902CA2}.Debug|Any CPU.Build.0 = Debug|Any CPU
		{40676145-CA49-405F-8DB3-B9A6CE902CA2}.Release|Any CPU.ActiveCfg = Release|Any CPU
		{40676145-CA49-405F-8DB3-B9A6CE902CA2}.Release|Any CPU.Build.0 = Release|Any CPU
		{3BFC8ABE-40C7-4B5F-8542-2ECECC5B6E2F}.Debug|Any CPU.ActiveCfg = Debug|Any CPU
		{3BFC8ABE-40C7-4B5F-8542-2ECECC5B6E2F}.Debug|Any CPU.Build.0 = Debug|Any CPU
		{3BFC8ABE-40C7-4B5F-8542-2ECECC5B6E2F}.Release|Any CPU.ActiveCfg = Release|Any CPU
		{3BFC8ABE-40C7-4B5F-8542-2ECECC5B6E2F}.Release|Any CPU.Build.0 = Release|Any CPU
		{38AABE5E-BB26-44DA-A7FB-36C3C1D7E86A}.Debug|Any CPU.ActiveCfg = Debug|Any CPU
		{38AABE5E-BB26-44DA-A7FB-36C3C1D7E86A}.Debug|Any CPU.Build.0 = Debug|Any CPU
		{38AABE5E-BB26-44DA-A7FB-36C3C1D7E86A}.Release|Any CPU.ActiveCfg = Release|Any CPU
		{38AABE5E-BB26-44DA-A7FB-36C3C1D7E86A}.Release|Any CPU.Build.0 = Release|Any CPU
		{B126AEF1-A2FB-4E78-80C4-953F1BA21FA2}.Debug|Any CPU.ActiveCfg = Debug|Any CPU
		{B126AEF1-A2FB-4E78-80C4-953F1BA21FA2}.Debug|Any CPU.Build.0 = Debug|Any CPU
		{B126AEF1-A2FB-4E78-80C4-953F1BA21FA2}.Release|Any CPU.ActiveCfg = Release|Any CPU
		{B126AEF1-A2FB-4E78-80C4-953F1BA21FA2}.Release|Any CPU.Build.0 = Release|Any CPU
		{95C2F999-6A90-4AA5-A9B9-FAB2A6B2D2C3}.Debug|Any CPU.ActiveCfg = Debug|Any CPU
		{95C2F999-6A90-4AA5-A9B9-FAB2A6B2D2C3}.Debug|Any CPU.Build.0 = Debug|Any CPU
		{95C2F999-6A90-4AA5-A9B9-FAB2A6B2D2C3}.Release|Any CPU.ActiveCfg = Release|Any CPU
		{95C2F999-6A90-4AA5-A9B9-FAB2A6B2D2C3}.Release|Any CPU.Build.0 = Release|Any CPU
	EndGlobalSection
	GlobalSection(SolutionProperties) = preSolution
		HideSolutionNode = FALSE
	EndGlobalSection
	GlobalSection(ExtensibilityGlobals) = postSolution
		SolutionGuid = {9D0DE704-7051-468F-B182-2ED6C2CE87D1}
	EndGlobalSection
EndGlobal
